// !$*UTF8*$!
{
	archiveVersion = 1;
	classes = {
	};
	objectVersion = 46;
	objects = {

/* Begin PBXBuildFile section */
		A455D2131DEC6C16004835E2 /* AppDelegate.swift in Sources */ = {isa = PBXBuildFile; fileRef = A455D2121DEC6C16004835E2 /* AppDelegate.swift */; };
		A455D2151DEC6C16004835E2 /* MasterViewController.swift in Sources */ = {isa = PBXBuildFile; fileRef = A455D2141DEC6C16004835E2 /* MasterViewController.swift */; };
		A455D2171DEC6C16004835E2 /* DetailViewController.swift in Sources */ = {isa = PBXBuildFile; fileRef = A455D2161DEC6C16004835E2 /* DetailViewController.swift */; };
		A455D21A1DEC6C16004835E2 /* Main.storyboard in Resources */ = {isa = PBXBuildFile; fileRef = A455D2181DEC6C16004835E2 /* Main.storyboard */; };
		A455D21C1DEC6C16004835E2 /* Assets.xcassets in Resources */ = {isa = PBXBuildFile; fileRef = A455D21B1DEC6C16004835E2 /* Assets.xcassets */; };
		A455D21F1DEC6C16004835E2 /* LaunchScreen.storyboard in Resources */ = {isa = PBXBuildFile; fileRef = A455D21D1DEC6C16004835E2 /* LaunchScreen.storyboard */; };
		A4B573B61DED9E4300C58D55 /* todoTableViewCell.swift in Sources */ = {isa = PBXBuildFile; fileRef = A4B573B51DED9E4300C58D55 /* todoTableViewCell.swift */; };
		A4B573B81DEDA5FC00C58D55 /* DatabaseHelper.swift in Sources */ = {isa = PBXBuildFile; fileRef = A4B573B71DEDA5FC00C58D55 /* DatabaseHelper.swift */; };
		A4B573BA1DEDA60A00C58D55 /* TodoManager.swift in Sources */ = {isa = PBXBuildFile; fileRef = A4B573B91DEDA60A00C58D55 /* TodoManager.swift */; };
		A4B573BC1DEDBFC300C58D55 /* TodoList.swift in Sources */ = {isa = PBXBuildFile; fileRef = A4B573BB1DEDBFC300C58D55 /* TodoList.swift */; };
		A4B573BE1DEDBFD600C58D55 /* TodoItem.swift in Sources */ = {isa = PBXBuildFile; fileRef = A4B573BD1DEDBFD600C58D55 /* TodoItem.swift */; };
		A4F836491DF192EC0062D272 /* SQLite.framework in Frameworks */ = {isa = PBXBuildFile; fileRef = A4B573A61DED9A0100C58D55 /* SQLite.framework */; };
		A4F8364A1DF192EC0062D272 /* SQLite.framework in Embed Frameworks */ = {isa = PBXBuildFile; fileRef = A4B573A61DED9A0100C58D55 /* SQLite.framework */; settings = {ATTRIBUTES = (CodeSignOnCopy, RemoveHeadersOnCopy, ); }; };
/* End PBXBuildFile section */

/* Begin PBXContainerItemProxy section */
		A4B573A51DED9A0100C58D55 /* PBXContainerItemProxy */ = {
			isa = PBXContainerItemProxy;
			containerPortal = A4B5739B1DED9A0100C58D55 /* SQLite.xcodeproj */;
			proxyType = 2;
			remoteGlobalIDString = EE247AD31C3F04ED00AE3E12;
			remoteInfo = "SQLite iOS";
		};
		A4B573A71DED9A0100C58D55 /* PBXContainerItemProxy */ = {
			isa = PBXContainerItemProxy;
			containerPortal = A4B5739B1DED9A0100C58D55 /* SQLite.xcodeproj */;
			proxyType = 2;
			remoteGlobalIDString = EE247ADD1C3F04ED00AE3E12;
			remoteInfo = "SQLiteTests iOS";
		};
		A4B573A91DED9A0100C58D55 /* PBXContainerItemProxy */ = {
			isa = PBXContainerItemProxy;
			containerPortal = A4B5739B1DED9A0100C58D55 /* SQLite.xcodeproj */;
			proxyType = 2;
			remoteGlobalIDString = EE247B3C1C3F3ED000AE3E12;
			remoteInfo = "SQLite Mac";
		};
		A4B573AB1DED9A0100C58D55 /* PBXContainerItemProxy */ = {
			isa = PBXContainerItemProxy;
			containerPortal = A4B5739B1DED9A0100C58D55 /* SQLite.xcodeproj */;
			proxyType = 2;
			remoteGlobalIDString = EE247B451C3F3ED000AE3E12;
			remoteInfo = "SQLiteTests Mac";
		};
		A4B573AD1DED9A0100C58D55 /* PBXContainerItemProxy */ = {
			isa = PBXContainerItemProxy;
			containerPortal = A4B5739B1DED9A0100C58D55 /* SQLite.xcodeproj */;
			proxyType = 2;
			remoteGlobalIDString = 03A65E5A1C6BB0F50062603F;
			remoteInfo = "SQLite tvOS";
		};
		A4B573AF1DED9A0100C58D55 /* PBXContainerItemProxy */ = {
			isa = PBXContainerItemProxy;
			containerPortal = A4B5739B1DED9A0100C58D55 /* SQLite.xcodeproj */;
			proxyType = 2;
			remoteGlobalIDString = 03A65E631C6BB0F60062603F;
			remoteInfo = "SQLiteTests tvOS";
		};
		A4B573B11DED9A0100C58D55 /* PBXContainerItemProxy */ = {
			isa = PBXContainerItemProxy;
			containerPortal = A4B5739B1DED9A0100C58D55 /* SQLite.xcodeproj */;
			proxyType = 2;
			remoteGlobalIDString = A121AC451CA35C79005A31D1;
			remoteInfo = "SQLite watchOS";
		};
		A4F8364B1DF192EC0062D272 /* PBXContainerItemProxy */ = {
			isa = PBXContainerItemProxy;
			containerPortal = A4B5739B1DED9A0100C58D55 /* SQLite.xcodeproj */;
			proxyType = 1;
			remoteGlobalIDString = EE247AD21C3F04ED00AE3E12;
			remoteInfo = "SQLite iOS";
		};
/* End PBXContainerItemProxy section */

/* Begin PBXCopyFilesBuildPhase section */
		A4F8364D1DF192EC0062D272 /* Embed Frameworks */ = {
			isa = PBXCopyFilesBuildPhase;
			buildActionMask = 2147483647;
			dstPath = "";
			dstSubfolderSpec = 10;
			files = (
				A4F8364A1DF192EC0062D272 /* SQLite.framework in Embed Frameworks */,
			);
			name = "Embed Frameworks";
			runOnlyForDeploymentPostprocessing = 0;
		};
/* End PBXCopyFilesBuildPhase section */

/* Begin PBXFileReference section */
		A455D20F1DEC6C16004835E2 /* JasperScholten-pset5.app */ = {isa = PBXFileReference; explicitFileType = wrapper.application; includeInIndex = 0; path = "JasperScholten-pset5.app"; sourceTree = BUILT_PRODUCTS_DIR; };
		A455D2121DEC6C16004835E2 /* AppDelegate.swift */ = {isa = PBXFileReference; lastKnownFileType = sourcecode.swift; path = AppDelegate.swift; sourceTree = "<group>"; };
		A455D2141DEC6C16004835E2 /* MasterViewController.swift */ = {isa = PBXFileReference; lastKnownFileType = sourcecode.swift; path = MasterViewController.swift; sourceTree = "<group>"; };
		A455D2161DEC6C16004835E2 /* DetailViewController.swift */ = {isa = PBXFileReference; lastKnownFileType = sourcecode.swift; path = DetailViewController.swift; sourceTree = "<group>"; };
		A455D2191DEC6C16004835E2 /* Base */ = {isa = PBXFileReference; lastKnownFileType = file.storyboard; name = Base; path = Base.lproj/Main.storyboard; sourceTree = "<group>"; };
		A455D21B1DEC6C16004835E2 /* Assets.xcassets */ = {isa = PBXFileReference; lastKnownFileType = folder.assetcatalog; path = Assets.xcassets; sourceTree = "<group>"; };
		A455D21E1DEC6C16004835E2 /* Base */ = {isa = PBXFileReference; lastKnownFileType = file.storyboard; name = Base; path = Base.lproj/LaunchScreen.storyboard; sourceTree = "<group>"; };
		A455D2201DEC6C16004835E2 /* Info.plist */ = {isa = PBXFileReference; lastKnownFileType = text.plist.xml; path = Info.plist; sourceTree = "<group>"; };
		A4B5739B1DED9A0100C58D55 /* SQLite.xcodeproj */ = {isa = PBXFileReference; lastKnownFileType = "wrapper.pb-project"; name = SQLite.xcodeproj; path = "SQLite.swift-master/SQLite.xcodeproj"; sourceTree = "<group>"; };
		A4B573B51DED9E4300C58D55 /* todoTableViewCell.swift */ = {isa = PBXFileReference; fileEncoding = 4; lastKnownFileType = sourcecode.swift; path = todoTableViewCell.swift; sourceTree = "<group>"; };
		A4B573B71DEDA5FC00C58D55 /* DatabaseHelper.swift */ = {isa = PBXFileReference; fileEncoding = 4; lastKnownFileType = sourcecode.swift; path = DatabaseHelper.swift; sourceTree = "<group>"; };
		A4B573B91DEDA60A00C58D55 /* TodoManager.swift */ = {isa = PBXFileReference; fileEncoding = 4; lastKnownFileType = sourcecode.swift; path = TodoManager.swift; sourceTree = "<group>"; };
		A4B573BB1DEDBFC300C58D55 /* TodoList.swift */ = {isa = PBXFileReference; fileEncoding = 4; lastKnownFileType = sourcecode.swift; path = TodoList.swift; sourceTree = "<group>"; };
		A4B573BD1DEDBFD600C58D55 /* TodoItem.swift */ = {isa = PBXFileReference; fileEncoding = 4; lastKnownFileType = sourcecode.swift; path = TodoItem.swift; sourceTree = "<group>"; };
/* End PBXFileReference section */

/* Begin PBXFrameworksBuildPhase section */
		A455D20C1DEC6C16004835E2 /* Frameworks */ = {
			isa = PBXFrameworksBuildPhase;
			buildActionMask = 2147483647;
			files = (
				A4F836491DF192EC0062D272 /* SQLite.framework in Frameworks */,
			);
			runOnlyForDeploymentPostprocessing = 0;
		};
/* End PBXFrameworksBuildPhase section */

/* Begin PBXGroup section */
		A455D2061DEC6C16004835E2 = {
			isa = PBXGroup;
			children = (
				A455D2111DEC6C16004835E2 /* JasperScholten-pset5 */,
				A455D2101DEC6C16004835E2 /* Products */,
				A4B5739B1DED9A0100C58D55 /* SQLite.xcodeproj */,
			);
			sourceTree = "<group>";
		};
		A455D2101DEC6C16004835E2 /* Products */ = {
			isa = PBXGroup;
			children = (
				A455D20F1DEC6C16004835E2 /* JasperScholten-pset5.app */,
			);
			name = Products;
			sourceTree = "<group>";
		};
		A455D2111DEC6C16004835E2 /* JasperScholten-pset5 */ = {
			isa = PBXGroup;
			children = (
				A455D2121DEC6C16004835E2 /* AppDelegate.swift */,
				A455D2141DEC6C16004835E2 /* MasterViewController.swift */,
				A455D2161DEC6C16004835E2 /* DetailViewController.swift */,
				A4B573B71DEDA5FC00C58D55 /* DatabaseHelper.swift */,
				A4B573BB1DEDBFC300C58D55 /* TodoList.swift */,
				A4B573BD1DEDBFD600C58D55 /* TodoItem.swift */,
				A4B573B91DEDA60A00C58D55 /* TodoManager.swift */,
				A455D2181DEC6C16004835E2 /* Main.storyboard */,
				A455D21B1DEC6C16004835E2 /* Assets.xcassets */,
				A455D21D1DEC6C16004835E2 /* LaunchScreen.storyboard */,
				A455D2201DEC6C16004835E2 /* Info.plist */,
				A4B573B51DED9E4300C58D55 /* todoTableViewCell.swift */,
			);
			path = "JasperScholten-pset5";
			sourceTree = "<group>";
		};
		A4B5739C1DED9A0100C58D55 /* Products */ = {
			isa = PBXGroup;
			children = (
				A4B573A61DED9A0100C58D55 /* SQLite.framework */,
				A4B573A81DED9A0100C58D55 /* SQLiteTests iOS.xctest */,
				A4B573AA1DED9A0100C58D55 /* SQLite.framework */,
				A4B573AC1DED9A0100C58D55 /* SQLiteTests Mac.xctest */,
				A4B573AE1DED9A0100C58D55 /* SQLite.framework */,
				A4B573B01DED9A0100C58D55 /* SQLiteTests tvOS.xctest */,
				A4B573B21DED9A0100C58D55 /* SQLite.framework */,
			);
			name = Products;
			sourceTree = "<group>";
		};
/* End PBXGroup section */

/* Begin PBXNativeTarget section */
		A455D20E1DEC6C16004835E2 /* JasperScholten-pset5 */ = {
			isa = PBXNativeTarget;
			buildConfigurationList = A455D2231DEC6C16004835E2 /* Build configuration list for PBXNativeTarget "JasperScholten-pset5" */;
			buildPhases = (
				A455D20B1DEC6C16004835E2 /* Sources */,
				A455D20C1DEC6C16004835E2 /* Frameworks */,
				A455D20D1DEC6C16004835E2 /* Resources */,
				A4F8364D1DF192EC0062D272 /* Embed Frameworks */,
			);
			buildRules = (
			);
			dependencies = (
				A4F8364C1DF192EC0062D272 /* PBXTargetDependency */,
			);
			name = "JasperScholten-pset5";
			productName = "JasperScholten-pset5";
			productReference = A455D20F1DEC6C16004835E2 /* JasperScholten-pset5.app */;
			productType = "com.apple.product-type.application";
		};
/* End PBXNativeTarget section */

/* Begin PBXProject section */
		A455D2071DEC6C16004835E2 /* Project object */ = {
			isa = PBXProject;
			attributes = {
				LastSwiftUpdateCheck = 0810;
				LastUpgradeCheck = 0810;
				ORGANIZATIONNAME = "Jasper Scholten";
				TargetAttributes = {
					A455D20E1DEC6C16004835E2 = {
						CreatedOnToolsVersion = 8.1;
						DevelopmentTeam = 3F7K5ABT44;
						ProvisioningStyle = Automatic;
					};
				};
			};
			buildConfigurationList = A455D20A1DEC6C16004835E2 /* Build configuration list for PBXProject "JasperScholten-pset5" */;
			compatibilityVersion = "Xcode 3.2";
			developmentRegion = English;
			hasScannedForEncodings = 0;
			knownRegions = (
				en,
				Base,
			);
			mainGroup = A455D2061DEC6C16004835E2;
			productRefGroup = A455D2101DEC6C16004835E2 /* Products */;
			projectDirPath = "";
			projectReferences = (
				{
					ProductGroup = A4B5739C1DED9A0100C58D55 /* Products */;
					ProjectRef = A4B5739B1DED9A0100C58D55 /* SQLite.xcodeproj */;
				},
			);
			projectRoot = "";
			targets = (
				A455D20E1DEC6C16004835E2 /* JasperScholten-pset5 */,
			);
		};
/* End PBXProject section */

/* Begin PBXReferenceProxy section */
		A4B573A61DED9A0100C58D55 /* SQLite.framework */ = {
			isa = PBXReferenceProxy;
			fileType = wrapper.framework;
			path = SQLite.framework;
			remoteRef = A4B573A51DED9A0100C58D55 /* PBXContainerItemProxy */;
			sourceTree = BUILT_PRODUCTS_DIR;
		};
		A4B573A81DED9A0100C58D55 /* SQLiteTests iOS.xctest */ = {
			isa = PBXReferenceProxy;
			fileType = wrapper.cfbundle;
			path = "SQLiteTests iOS.xctest";
			remoteRef = A4B573A71DED9A0100C58D55 /* PBXContainerItemProxy */;
			sourceTree = BUILT_PRODUCTS_DIR;
		};
		A4B573AA1DED9A0100C58D55 /* SQLite.framework */ = {
			isa = PBXReferenceProxy;
			fileType = wrapper.framework;
			path = SQLite.framework;
			remoteRef = A4B573A91DED9A0100C58D55 /* PBXContainerItemProxy */;
			sourceTree = BUILT_PRODUCTS_DIR;
		};
		A4B573AC1DED9A0100C58D55 /* SQLiteTests Mac.xctest */ = {
			isa = PBXReferenceProxy;
			fileType = wrapper.cfbundle;
			path = "SQLiteTests Mac.xctest";
			remoteRef = A4B573AB1DED9A0100C58D55 /* PBXContainerItemProxy */;
			sourceTree = BUILT_PRODUCTS_DIR;
		};
		A4B573AE1DED9A0100C58D55 /* SQLite.framework */ = {
			isa = PBXReferenceProxy;
			fileType = wrapper.framework;
			path = SQLite.framework;
			remoteRef = A4B573AD1DED9A0100C58D55 /* PBXContainerItemProxy */;
			sourceTree = BUILT_PRODUCTS_DIR;
		};
		A4B573B01DED9A0100C58D55 /* SQLiteTests tvOS.xctest */ = {
			isa = PBXReferenceProxy;
			fileType = wrapper.cfbundle;
			path = "SQLiteTests tvOS.xctest";
			remoteRef = A4B573AF1DED9A0100C58D55 /* PBXContainerItemProxy */;
			sourceTree = BUILT_PRODUCTS_DIR;
		};
		A4B573B21DED9A0100C58D55 /* SQLite.framework */ = {
			isa = PBXReferenceProxy;
			fileType = wrapper.framework;
			path = SQLite.framework;
			remoteRef = A4B573B11DED9A0100C58D55 /* PBXContainerItemProxy */;
			sourceTree = BUILT_PRODUCTS_DIR;
		};
/* End PBXReferenceProxy section */

/* Begin PBXResourcesBuildPhase section */
		A455D20D1DEC6C16004835E2 /* Resources */ = {
			isa = PBXResourcesBuildPhase;
			buildActionMask = 2147483647;
			files = (
				A455D21F1DEC6C16004835E2 /* LaunchScreen.storyboard in Resources */,
				A455D21C1DEC6C16004835E2 /* Assets.xcassets in Resources */,
				A455D21A1DEC6C16004835E2 /* Main.storyboard in Resources */,
			);
			runOnlyForDeploymentPostprocessing = 0;
		};
/* End PBXResourcesBuildPhase section */

/* Begin PBXSourcesBuildPhase section */
		A455D20B1DEC6C16004835E2 /* Sources */ = {
			isa = PBXSourcesBuildPhase;
			buildActionMask = 2147483647;
			files = (
				A455D2171DEC6C16004835E2 /* DetailViewController.swift in Sources */,
				A4B573BC1DEDBFC300C58D55 /* TodoList.swift in Sources */,
				A4B573BA1DEDA60A00C58D55 /* TodoManager.swift in Sources */,
				A4B573B81DEDA5FC00C58D55 /* DatabaseHelper.swift in Sources */,
				A455D2151DEC6C16004835E2 /* MasterViewController.swift in Sources */,
				A455D2131DEC6C16004835E2 /* AppDelegate.swift in Sources */,
				A4B573BE1DEDBFD600C58D55 /* TodoItem.swift in Sources */,
				A4B573B61DED9E4300C58D55 /* todoTableViewCell.swift in Sources */,
			);
			runOnlyForDeploymentPostprocessing = 0;
		};
/* End PBXSourcesBuildPhase section */

/* Begin PBXTargetDependency section */
		A4F8364C1DF192EC0062D272 /* PBXTargetDependency */ = {
			isa = PBXTargetDependency;
			name = "SQLite iOS";
			targetProxy = A4F8364B1DF192EC0062D272 /* PBXContainerItemProxy */;
		};
/* End PBXTargetDependency section */

/* Begin PBXVariantGroup section */
		A455D2181DEC6C16004835E2 /* Main.storyboard */ = {
			isa = PBXVariantGroup;
			children = (
				A455D2191DEC6C16004835E2 /* Base */,
			);
			name = Main.storyboard;
			sourceTree = "<group>";
		};
		A455D21D1DEC6C16004835E2 /* LaunchScreen.storyboard */ = {
			isa = PBXVariantGroup;
			children = (
				A455D21E1DEC6C16004835E2 /* Base */,
			);
			name = LaunchScreen.storyboard;
			sourceTree = "<group>";
		};
/* End PBXVariantGroup section */

/* Begin XCBuildConfiguration section */
		A455D2211DEC6C16004835E2 /* Debug */ = {
			isa = XCBuildConfiguration;
			buildSettings = {
				ALWAYS_SEARCH_USER_PATHS = NO;
				CLANG_ANALYZER_NONNULL = YES;
				CLANG_CXX_LANGUAGE_STANDARD = "gnu++0x";
				CLANG_CXX_LIBRARY = "libc++";
				CLANG_ENABLE_MODULES = YES;
				CLANG_ENABLE_OBJC_ARC = YES;
				CLANG_WARN_BOOL_CONVERSION = YES;
				CLANG_WARN_CONSTANT_CONVERSION = YES;
				CLANG_WARN_DIRECT_OBJC_ISA_USAGE = YES_ERROR;
				CLANG_WARN_DOCUMENTATION_COMMENTS = YES;
				CLANG_WARN_EMPTY_BODY = YES;
				CLANG_WARN_ENUM_CONVERSION = YES;
				CLANG_WARN_INFINITE_RECURSION = YES;
				CLANG_WARN_INT_CONVERSION = YES;
				CLANG_WARN_OBJC_ROOT_CLASS = YES_ERROR;
				CLANG_WARN_SUSPICIOUS_MOVE = YES;
				CLANG_WARN_SUSPICIOUS_MOVES = YES;
				CLANG_WARN_UNREACHABLE_CODE = YES;
				CLANG_WARN__DUPLICATE_METHOD_MATCH = YES;
				"CODE_SIGN_IDENTITY[sdk=iphoneos*]" = "iPhone Developer";
				COPY_PHASE_STRIP = NO;
				DEBUG_INFORMATION_FORMAT = dwarf;
				ENABLE_STRICT_OBJC_MSGSEND = YES;
				ENABLE_TESTABILITY = YES;
				GCC_C_LANGUAGE_STANDARD = gnu99;
				GCC_DYNAMIC_NO_PIC = NO;
				GCC_NO_COMMON_BLOCKS = YES;
				GCC_OPTIMIZATION_LEVEL = 0;
				GCC_PREPROCESSOR_DEFINITIONS = (
					"DEBUG=1",
					"$(inherited)",
				);
				GCC_WARN_64_TO_32_BIT_CONVERSION = YES;
				GCC_WARN_ABOUT_RETURN_TYPE = YES_ERROR;
				GCC_WARN_UNDECLARED_SELECTOR = YES;
				GCC_WARN_UNINITIALIZED_AUTOS = YES_AGGRESSIVE;
				GCC_WARN_UNUSED_FUNCTION = YES;
				GCC_WARN_UNUSED_VARIABLE = YES;
				IPHONEOS_DEPLOYMENT_TARGET = 10.1;
				MTL_ENABLE_DEBUG_INFO = YES;
				ONLY_ACTIVE_ARCH = YES;
				SDKROOT = iphoneos;
				SWIFT_ACTIVE_COMPILATION_CONDITIONS = DEBUG;
				SWIFT_OPTIMIZATION_LEVEL = "-Onone";
				TARGETED_DEVICE_FAMILY = "1,2";
			};
			name = Debug;
		};
		A455D2221DEC6C16004835E2 /* Release */ = {
			isa = XCBuildConfiguration;
			buildSettings = {
				ALWAYS_SEARCH_USER_PATHS = NO;
				CLANG_ANALYZER_NONNULL = YES;
				CLANG_CXX_LANGUAGE_STANDARD = "gnu++0x";
				CLANG_CXX_LIBRARY = "libc++";
				CLANG_ENABLE_MODULES = YES;
				CLANG_ENABLE_OBJC_ARC = YES;
				CLANG_WARN_BOOL_CONVERSION = YES;
				CLANG_WARN_CONSTANT_CONVERSION = YES;
				CLANG_WARN_DIRECT_OBJC_ISA_USAGE = YES_ERROR;
				CLANG_WARN_DOCUMENTATION_COMMENTS = YES;
				CLANG_WARN_EMPTY_BODY = YES;
				CLANG_WARN_ENUM_CONVERSION = YES;
				CLANG_WARN_INFINITE_RECURSION = YES;
				CLANG_WARN_INT_CONVERSION = YES;
				CLANG_WARN_OBJC_ROOT_CLASS = YES_ERROR;
				CLANG_WARN_SUSPICIOUS_MOVE = YES;
				CLANG_WARN_SUSPICIOUS_MOVES = YES;
				CLANG_WARN_UNREACHABLE_CODE = YES;
				CLANG_WARN__DUPLICATE_METHOD_MATCH = YES;
				"CODE_SIGN_IDENTITY[sdk=iphoneos*]" = "iPhone Developer";
				COPY_PHASE_STRIP = NO;
				DEBUG_INFORMATION_FORMAT = "dwarf-with-dsym";
				ENABLE_NS_ASSERTIONS = NO;
				ENABLE_STRICT_OBJC_MSGSEND = YES;
				GCC_C_LANGUAGE_STANDARD = gnu99;
				GCC_NO_COMMON_BLOCKS = YES;
				GCC_WARN_64_TO_32_BIT_CONVERSION = YES;
				GCC_WARN_ABOUT_RETURN_TYPE = YES_ERROR;
				GCC_WARN_UNDECLARED_SELECTOR = YES;
				GCC_WARN_UNINITIALIZED_AUTOS = YES_AGGRESSIVE;
				GCC_WARN_UNUSED_FUNCTION = YES;
				GCC_WARN_UNUSED_VARIABLE = YES;
				IPHONEOS_DEPLOYMENT_TARGET = 10.1;
				MTL_ENABLE_DEBUG_INFO = NO;
				SDKROOT = iphoneos;
				SWIFT_OPTIMIZATION_LEVEL = "-Owholemodule";
				TARGETED_DEVICE_FAMILY = "1,2";
				VALIDATE_PRODUCT = YES;
			};
			name = Release;
		};
		A455D2241DEC6C16004835E2 /* Debug */ = {
			isa = XCBuildConfiguration;
			buildSettings = {
				ALWAYS_EMBED_SWIFT_STANDARD_LIBRARIES = YES;
				ASSETCATALOG_COMPILER_APPICON_NAME = AppIcon;
				DEVELOPMENT_TEAM = 3F7K5ABT44;
				INFOPLIST_FILE = "JasperScholten-pset5/Info.plist";
				LD_RUNPATH_SEARCH_PATHS = "$(inherited) @executable_path/Frameworks";
				PRODUCT_BUNDLE_IDENTIFIER = "nl.mprog.JasperScholten-pset5";
				PRODUCT_NAME = "$(TARGET_NAME)";
				SWIFT_VERSION = 3.0;
			};
			name = Debug;
		};
		A455D2251DEC6C16004835E2 /* Release */ = {
			isa = XCBuildConfiguration;
			buildSettings = {
				ALWAYS_EMBED_SWIFT_STANDARD_LIBRARIES = YES;
				ASSETCATALOG_COMPILER_APPICON_NAME = AppIcon;
				DEVELOPMENT_TEAM = 3F7K5ABT44;
				INFOPLIST_FILE = "JasperScholten-pset5/Info.plist";
				LD_RUNPATH_SEARCH_PATHS = "$(inherited) @executable_path/Frameworks";
				PRODUCT_BUNDLE_IDENTIFIER = "nl.mprog.JasperScholten-pset5";
				PRODUCT_NAME = "$(TARGET_NAME)";
				SWIFT_VERSION = 3.0;
			};
			name = Release;
		};
/* End XCBuildConfiguration section */

/* Begin XCConfigurationList section */
		A455D20A1DEC6C16004835E2 /* Build configuration list for PBXProject "JasperScholten-pset5" */ = {
			isa = XCConfigurationList;
			buildConfigurations = (
				A455D2211DEC6C16004835E2 /* Debug */,
				A455D2221DEC6C16004835E2 /* Release */,
			);
			defaultConfigurationIsVisible = 0;
			defaultConfigurationName = Release;
		};
		A455D2231DEC6C16004835E2 /* Build configuration list for PBXNativeTarget "JasperScholten-pset5" */ = {
			isa = XCConfigurationList;
			buildConfigurations = (
				A455D2241DEC6C16004835E2 /* Debug */,
				A455D2251DEC6C16004835E2 /* Release */,
			);
			defaultConfigurationIsVisible = 0;
			defaultConfigurationName = Release;
		};
/* End XCConfigurationList section */
	};
	rootObject = A455D2071DEC6C16004835E2 /* Project object */;
}
